
Microsoft Visual Studio Solution File, Format Version 12.00
# Visual Studio Version 17
VisualStudioVersion = 17.3.32714.290
MinimumVisualStudioVersion = 10.0.40219.1
Project("{9A19103F-16F7-4668-BE54-9A1E7A4F7556}") = "704_Binary_Search", "Src\Day 1\704_Binary_Search\704_Binary_Search.csproj", "{2D643773-941C-49F0-8E1D-984ABD4F6518}"
EndProject
Project("{9A19103F-16F7-4668-BE54-9A1E7A4F7556}") = "704_Binary_Search.Test", "Test\Day 1\704_Binary_Search.Test\704_Binary_Search.Test.csproj", "{D89DEE63-CD33-435F-9F8C-21496E11B2D6}"
EndProject
Project("{9A19103F-16F7-4668-BE54-9A1E7A4F7556}") = "278_First_Bad_Version", "Src\Day 1\278_First_Bad_Version\278_First_Bad_Version.csproj", "{472AC369-192D-4891-9DCE-5D6992CE02F8}"
EndProject
Project("{9A19103F-16F7-4668-BE54-9A1E7A4F7556}") = "278_First_Bad_Version.Test", "Test\Day 1\278_First_Bad_Version.Test\278_First_Bad_Version.Test.csproj", "{B736D300-64B5-4959-AFE6-B41169D156CD}"
EndProject
Project("{9A19103F-16F7-4668-BE54-9A1E7A4F7556}") = "35_Search_Insert_Position", "Src\Day 1\35_Search_Insert_Position\35_Search_Insert_Position.csproj", "{C2A00659-4860-4AC3-931C-25B025B17C92}"
EndProject
Project("{9A19103F-16F7-4668-BE54-9A1E7A4F7556}") = "35_Search_Insert_Position.Test", "Test\Day 1\35_Search_Insert_Position.Test\35_Search_Insert_Position.Test.csproj", "{14538B32-59DC-4454-8582-B6A776B9847D}"
EndProject
Project("{9A19103F-16F7-4668-BE54-9A1E7A4F7556}") = "977_Squares", "Src\Day 2\977_Squares\977_Squares.csproj", "{4EF4270D-9216-4638-8BCD-52D64F6D99A8}"
EndProject
Project("{9A19103F-16F7-4668-BE54-9A1E7A4F7556}") = "977_Squares.Test", "Test\Day 2\977_Squares.Test\977_Squares.Test.csproj", "{58644F3C-E714-49B1-A4AF-F0AB8958276B}"
EndProject
Project("{9A19103F-16F7-4668-BE54-9A1E7A4F7556}") = "189_Rotate_Array", "Src\Day 2\189_Rotate_Array\189_Rotate_Array.csproj", "{5D5BDF56-C2D6-40BB-8F7C-14649B5F25A8}"
EndProject
Project("{9A19103F-16F7-4668-BE54-9A1E7A4F7556}") = "189_Rotate_Array.Test", "Test\Day 2\189_Rotate_Array.Test\189_Rotate_Array.Test.csproj", "{177D835B-8C17-46AB-9A1D-0ACF0E11D313}"
EndProject
Project("{9A19103F-16F7-4668-BE54-9A1E7A4F7556}") = "283_Move_Zeroes", "Src\Day 3\283_Move_Zeroes\283_Move_Zeroes.csproj", "{31F018CC-2CF0-47CC-874F-EDEFF26EF57E}"
EndProject
Project("{9A19103F-16F7-4668-BE54-9A1E7A4F7556}") = "283_Move_Zeroes.Test", "Test\Day 3\283_Move_Zeroes.Test\283_Move_Zeroes.Test.csproj", "{313A47DF-1F0F-4F88-84FA-12FFFA4EC214}"
EndProject
Project("{9A19103F-16F7-4668-BE54-9A1E7A4F7556}") = "167_Two_Sum_2", "Src\Day 3\167_Two_Sum_2\167_Two_Sum_2.csproj", "{D03436E2-C172-4BC2-8BF4-69EFCC8AD269}"
EndProject
Project("{9A19103F-16F7-4668-BE54-9A1E7A4F7556}") = "167_Two_Sum_2.Test", "Test\Day 3\167_Two_Sum_2.Test\167_Two_Sum_2.Test.csproj", "{C150A564-4ED9-4272-B2EC-B558F99846D8}"
EndProject
Project("{9A19103F-16F7-4668-BE54-9A1E7A4F7556}") = "344_Reverse_String", "Src\Day 4\344_Reverse_String\344_Reverse_String.csproj", "{37F339EA-37B8-4B3D-980A-B6E8554A214E}"
EndProject
Project("{9A19103F-16F7-4668-BE54-9A1E7A4F7556}") = "344_Reverse_String.Test", "Test\Day 4\344_Reverse_String.Test\344_Reverse_String.Test.csproj", "{282E912B-6736-4F6E-B24B-F60C7932E19D}"
EndProject
Project("{9A19103F-16F7-4668-BE54-9A1E7A4F7556}") = "557_Reverse_Words", "Src\Day 4\557_Reverse_Words\557_Reverse_Words.csproj", "{BE81D5B2-CD8A-4DBB-AD92-106795A8036D}"
EndProject
Project("{9A19103F-16F7-4668-BE54-9A1E7A4F7556}") = "557_Reverse_Words.Test", "Test\Day 4\557_Reverse_Words.Test\557_Reverse_Words.Test.csproj", "{C9F15557-E866-4841-ACB4-B4DCF8C934E2}"
EndProject
Project("{9A19103F-16F7-4668-BE54-9A1E7A4F7556}") = "19_Remove_Nth_Node", "Src\Day 5\19_Remove_Nth_Node\19_Remove_Nth_Node.csproj", "{68843706-78AF-466A-8E3C-1364EBE1800E}"
EndProject
Project("{9A19103F-16F7-4668-BE54-9A1E7A4F7556}") = "19_Remove_Nth_Node.Test", "Test\Day 5\19_Remove_Nth_Node.Test\19_Remove_Nth_Node.Test.csproj", "{12176665-0908-4BE7-A061-EE2473CA994E}"
EndProject
Project("{9A19103F-16F7-4668-BE54-9A1E7A4F7556}") = "3_Longest_Substring", "Src\Day 6\3_Longest_Substring\3_Longest_Substring.csproj", "{90C88185-B189-47BE-A2C0-D41318E04207}"
EndProject
Project("{9A19103F-16F7-4668-BE54-9A1E7A4F7556}") = "3_Longest_Substring.Test", "Test\Day 6\3_Longest_Substring.Test\3_Longest_Substring.Test.csproj", "{F16C9F37-4DE7-47FA-9D0B-F35C4E6D6B11}"
EndProject
Project("{9A19103F-16F7-4668-BE54-9A1E7A4F7556}") = "567_Permutation", "Src\Day 6\567_Permutation\567_Permutation.csproj", "{C9248753-AD1E-4B7D-85EC-FFF098CFF15D}"
EndProject
Project("{9A19103F-16F7-4668-BE54-9A1E7A4F7556}") = "567_Permutation.Test", "Test\Day 6\567_Permutation.Test\567_Permutation.Test.csproj", "{0CB19192-31F3-43AA-BED0-D3C41215B5B1}"
EndProject
Project("{9A19103F-16F7-4668-BE54-9A1E7A4F7556}") = "733_Flood_Fill", "Src\Day 7\733_Flood_Fill\733_Flood_Fill.csproj", "{63500E45-E474-4F82-8203-7241D84D498F}"
EndProject
Project("{9A19103F-16F7-4668-BE54-9A1E7A4F7556}") = "733_Flood_Fill.Test", "Test\Day 7\733_Flood_Fill.Test\733_Flood_Fill.Test.csproj", "{4BCE3971-A51E-4E45-A582-4B7F3A25DB3F}"
EndProject
Project("{9A19103F-16F7-4668-BE54-9A1E7A4F7556}") = "695_Max_Island", "Src\Day 7\695_Max_Island\695_Max_Island.csproj", "{7F77942E-862F-4C50-909D-9C78770D51C1}"
EndProject
Project("{9A19103F-16F7-4668-BE54-9A1E7A4F7556}") = "695_Max_Island.Test", "Test\Day 7\695_Max_Island.Test\695_Max_Island.Test.csproj", "{3D9BC54A-A4D2-4336-87D2-5EB94DF25807}"
EndProject
Project("{FAE04EC0-301F-11D3-BF4B-00C04F79EFBC}") = "617_MergeTrees", "Src\Day 8\617_MergeTrees\617_MergeTrees.csproj", "{83A850D6-E0FC-4ED0-A07B-7DD9F421352B}"
EndProject
Project("{FAE04EC0-301F-11D3-BF4B-00C04F79EFBC}") = "617_MergeTrees.Test", "Test\Day 8\617_MergeTrees.Test\617_MergeTrees.Test.csproj", "{9AFA1F41-599A-47E0-94FF-CDE7A3C65D20}"
EndProject
Project("{FAE04EC0-301F-11D3-BF4B-00C04F79EFBC}") = "116_PopulatingNext", "Src\Day 8\116_PopulatingNext\116_PopulatingNext.csproj", "{C8219E9C-D8D7-4BAB-9CED-74E3EE680B05}"
EndProject
Project("{FAE04EC0-301F-11D3-BF4B-00C04F79EFBC}") = "116_PopulatingNext.Test", "Test\Day 8\116_PopulatingNext.Test\116_PopulatingNext.Test.csproj", "{E67238C6-CC52-4441-9F3D-96DF39316958}"
EndProject
Global
	GlobalSection(SolutionConfigurationPlatforms) = preSolution
		Debug|Any CPU = Debug|Any CPU
		Release|Any CPU = Release|Any CPU
	EndGlobalSection
	GlobalSection(ProjectConfigurationPlatforms) = postSolution
		{2D643773-941C-49F0-8E1D-984ABD4F6518}.Debug|Any CPU.ActiveCfg = Debug|Any CPU
		{2D643773-941C-49F0-8E1D-984ABD4F6518}.Debug|Any CPU.Build.0 = Debug|Any CPU
		{2D643773-941C-49F0-8E1D-984ABD4F6518}.Release|Any CPU.ActiveCfg = Release|Any CPU
		{2D643773-941C-49F0-8E1D-984ABD4F6518}.Release|Any CPU.Build.0 = Release|Any CPU
		{D89DEE63-CD33-435F-9F8C-21496E11B2D6}.Debug|Any CPU.ActiveCfg = Debug|Any CPU
		{D89DEE63-CD33-435F-9F8C-21496E11B2D6}.Debug|Any CPU.Build.0 = Debug|Any CPU
		{D89DEE63-CD33-435F-9F8C-21496E11B2D6}.Release|Any CPU.ActiveCfg = Release|Any CPU
		{D89DEE63-CD33-435F-9F8C-21496E11B2D6}.Release|Any CPU.Build.0 = Release|Any CPU
		{472AC369-192D-4891-9DCE-5D6992CE02F8}.Debug|Any CPU.ActiveCfg = Debug|Any CPU
		{472AC369-192D-4891-9DCE-5D6992CE02F8}.Debug|Any CPU.Build.0 = Debug|Any CPU
		{472AC369-192D-4891-9DCE-5D6992CE02F8}.Release|Any CPU.ActiveCfg = Release|Any CPU
		{472AC369-192D-4891-9DCE-5D6992CE02F8}.Release|Any CPU.Build.0 = Release|Any CPU
		{B736D300-64B5-4959-AFE6-B41169D156CD}.Debug|Any CPU.ActiveCfg = Debug|Any CPU
		{B736D300-64B5-4959-AFE6-B41169D156CD}.Debug|Any CPU.Build.0 = Debug|Any CPU
		{B736D300-64B5-4959-AFE6-B41169D156CD}.Release|Any CPU.ActiveCfg = Release|Any CPU
		{B736D300-64B5-4959-AFE6-B41169D156CD}.Release|Any CPU.Build.0 = Release|Any CPU
		{C2A00659-4860-4AC3-931C-25B025B17C92}.Debug|Any CPU.ActiveCfg = Debug|Any CPU
		{C2A00659-4860-4AC3-931C-25B025B17C92}.Debug|Any CPU.Build.0 = Debug|Any CPU
		{C2A00659-4860-4AC3-931C-25B025B17C92}.Release|Any CPU.ActiveCfg = Release|Any CPU
		{C2A00659-4860-4AC3-931C-25B025B17C92}.Release|Any CPU.Build.0 = Release|Any CPU
		{14538B32-59DC-4454-8582-B6A776B9847D}.Debug|Any CPU.ActiveCfg = Debug|Any CPU
		{14538B32-59DC-4454-8582-B6A776B9847D}.Debug|Any CPU.Build.0 = Debug|Any CPU
		{14538B32-59DC-4454-8582-B6A776B9847D}.Release|Any CPU.ActiveCfg = Release|Any CPU
		{14538B32-59DC-4454-8582-B6A776B9847D}.Release|Any CPU.Build.0 = Release|Any CPU
		{4EF4270D-9216-4638-8BCD-52D64F6D99A8}.Debug|Any CPU.ActiveCfg = Debug|Any CPU
		{4EF4270D-9216-4638-8BCD-52D64F6D99A8}.Debug|Any CPU.Build.0 = Debug|Any CPU
		{4EF4270D-9216-4638-8BCD-52D64F6D99A8}.Release|Any CPU.ActiveCfg = Release|Any CPU
		{4EF4270D-9216-4638-8BCD-52D64F6D99A8}.Release|Any CPU.Build.0 = Release|Any CPU
		{58644F3C-E714-49B1-A4AF-F0AB8958276B}.Debug|Any CPU.ActiveCfg = Debug|Any CPU
		{58644F3C-E714-49B1-A4AF-F0AB8958276B}.Debug|Any CPU.Build.0 = Debug|Any CPU
		{58644F3C-E714-49B1-A4AF-F0AB8958276B}.Release|Any CPU.ActiveCfg = Release|Any CPU
		{58644F3C-E714-49B1-A4AF-F0AB8958276B}.Release|Any CPU.Build.0 = Release|Any CPU
		{5D5BDF56-C2D6-40BB-8F7C-14649B5F25A8}.Debug|Any CPU.ActiveCfg = Debug|Any CPU
		{5D5BDF56-C2D6-40BB-8F7C-14649B5F25A8}.Debug|Any CPU.Build.0 = Debug|Any CPU
		{5D5BDF56-C2D6-40BB-8F7C-14649B5F25A8}.Release|Any CPU.ActiveCfg = Release|Any CPU
		{5D5BDF56-C2D6-40BB-8F7C-14649B5F25A8}.Release|Any CPU.Build.0 = Release|Any CPU
		{177D835B-8C17-46AB-9A1D-0ACF0E11D313}.Debug|Any CPU.ActiveCfg = Debug|Any CPU
		{177D835B-8C17-46AB-9A1D-0ACF0E11D313}.Debug|Any CPU.Build.0 = Debug|Any CPU
		{177D835B-8C17-46AB-9A1D-0ACF0E11D313}.Release|Any CPU.ActiveCfg = Release|Any CPU
		{177D835B-8C17-46AB-9A1D-0ACF0E11D313}.Release|Any CPU.Build.0 = Release|Any CPU
		{31F018CC-2CF0-47CC-874F-EDEFF26EF57E}.Debug|Any CPU.ActiveCfg = Debug|Any CPU
		{31F018CC-2CF0-47CC-874F-EDEFF26EF57E}.Debug|Any CPU.Build.0 = Debug|Any CPU
		{31F018CC-2CF0-47CC-874F-EDEFF26EF57E}.Release|Any CPU.ActiveCfg = Release|Any CPU
		{31F018CC-2CF0-47CC-874F-EDEFF26EF57E}.Release|Any CPU.Build.0 = Release|Any CPU
		{313A47DF-1F0F-4F88-84FA-12FFFA4EC214}.Debug|Any CPU.ActiveCfg = Debug|Any CPU
		{313A47DF-1F0F-4F88-84FA-12FFFA4EC214}.Debug|Any CPU.Build.0 = Debug|Any CPU
		{313A47DF-1F0F-4F88-84FA-12FFFA4EC214}.Release|Any CPU.ActiveCfg = Release|Any CPU
		{313A47DF-1F0F-4F88-84FA-12FFFA4EC214}.Release|Any CPU.Build.0 = Release|Any CPU
		{D03436E2-C172-4BC2-8BF4-69EFCC8AD269}.Debug|Any CPU.ActiveCfg = Debug|Any CPU
		{D03436E2-C172-4BC2-8BF4-69EFCC8AD269}.Debug|Any CPU.Build.0 = Debug|Any CPU
		{D03436E2-C172-4BC2-8BF4-69EFCC8AD269}.Release|Any CPU.ActiveCfg = Release|Any CPU
		{D03436E2-C172-4BC2-8BF4-69EFCC8AD269}.Release|Any CPU.Build.0 = Release|Any CPU
		{C150A564-4ED9-4272-B2EC-B558F99846D8}.Debug|Any CPU.ActiveCfg = Debug|Any CPU
		{C150A564-4ED9-4272-B2EC-B558F99846D8}.Debug|Any CPU.Build.0 = Debug|Any CPU
		{C150A564-4ED9-4272-B2EC-B558F99846D8}.Release|Any CPU.ActiveCfg = Release|Any CPU
		{C150A564-4ED9-4272-B2EC-B558F99846D8}.Release|Any CPU.Build.0 = Release|Any CPU
		{37F339EA-37B8-4B3D-980A-B6E8554A214E}.Debug|Any CPU.ActiveCfg = Debug|Any CPU
		{37F339EA-37B8-4B3D-980A-B6E8554A214E}.Debug|Any CPU.Build.0 = Debug|Any CPU
		{37F339EA-37B8-4B3D-980A-B6E8554A214E}.Release|Any CPU.ActiveCfg = Release|Any CPU
		{37F339EA-37B8-4B3D-980A-B6E8554A214E}.Release|Any CPU.Build.0 = Release|Any CPU
		{282E912B-6736-4F6E-B24B-F60C7932E19D}.Debug|Any CPU.ActiveCfg = Debug|Any CPU
		{282E912B-6736-4F6E-B24B-F60C7932E19D}.Debug|Any CPU.Build.0 = Debug|Any CPU
		{282E912B-6736-4F6E-B24B-F60C7932E19D}.Release|Any CPU.ActiveCfg = Release|Any CPU
		{282E912B-6736-4F6E-B24B-F60C7932E19D}.Release|Any CPU.Build.0 = Release|Any CPU
		{BE81D5B2-CD8A-4DBB-AD92-106795A8036D}.Debug|Any CPU.ActiveCfg = Debug|Any CPU
		{BE81D5B2-CD8A-4DBB-AD92-106795A8036D}.Debug|Any CPU.Build.0 = Debug|Any CPU
		{BE81D5B2-CD8A-4DBB-AD92-106795A8036D}.Release|Any CPU.ActiveCfg = Release|Any CPU
		{BE81D5B2-CD8A-4DBB-AD92-106795A8036D}.Release|Any CPU.Build.0 = Release|Any CPU
		{C9F15557-E866-4841-ACB4-B4DCF8C934E2}.Debug|Any CPU.ActiveCfg = Debug|Any CPU
		{C9F15557-E866-4841-ACB4-B4DCF8C934E2}.Debug|Any CPU.Build.0 = Debug|Any CPU
		{C9F15557-E866-4841-ACB4-B4DCF8C934E2}.Release|Any CPU.ActiveCfg = Release|Any CPU
		{C9F15557-E866-4841-ACB4-B4DCF8C934E2}.Release|Any CPU.Build.0 = Release|Any CPU
		{68843706-78AF-466A-8E3C-1364EBE1800E}.Debug|Any CPU.ActiveCfg = Debug|Any CPU
		{68843706-78AF-466A-8E3C-1364EBE1800E}.Debug|Any CPU.Build.0 = Debug|Any CPU
		{68843706-78AF-466A-8E3C-1364EBE1800E}.Release|Any CPU.ActiveCfg = Release|Any CPU
		{68843706-78AF-466A-8E3C-1364EBE1800E}.Release|Any CPU.Build.0 = Release|Any CPU
		{12176665-0908-4BE7-A061-EE2473CA994E}.Debug|Any CPU.ActiveCfg = Debug|Any CPU
		{12176665-0908-4BE7-A061-EE2473CA994E}.Debug|Any CPU.Build.0 = Debug|Any CPU
		{12176665-0908-4BE7-A061-EE2473CA994E}.Release|Any CPU.ActiveCfg = Release|Any CPU
		{12176665-0908-4BE7-A061-EE2473CA994E}.Release|Any CPU.Build.0 = Release|Any CPU
		{90C88185-B189-47BE-A2C0-D41318E04207}.Debug|Any CPU.ActiveCfg = Debug|Any CPU
		{90C88185-B189-47BE-A2C0-D41318E04207}.Debug|Any CPU.Build.0 = Debug|Any CPU
		{90C88185-B189-47BE-A2C0-D41318E04207}.Release|Any CPU.ActiveCfg = Release|Any CPU
		{90C88185-B189-47BE-A2C0-D41318E04207}.Release|Any CPU.Build.0 = Release|Any CPU
		{F16C9F37-4DE7-47FA-9D0B-F35C4E6D6B11}.Debug|Any CPU.ActiveCfg = Debug|Any CPU
		{F16C9F37-4DE7-47FA-9D0B-F35C4E6D6B11}.Debug|Any CPU.Build.0 = Debug|Any CPU
		{F16C9F37-4DE7-47FA-9D0B-F35C4E6D6B11}.Release|Any CPU.ActiveCfg = Release|Any CPU
		{F16C9F37-4DE7-47FA-9D0B-F35C4E6D6B11}.Release|Any CPU.Build.0 = Release|Any CPU
		{C9248753-AD1E-4B7D-85EC-FFF098CFF15D}.Debug|Any CPU.ActiveCfg = Debug|Any CPU
		{C9248753-AD1E-4B7D-85EC-FFF098CFF15D}.Debug|Any CPU.Build.0 = Debug|Any CPU
		{C9248753-AD1E-4B7D-85EC-FFF098CFF15D}.Release|Any CPU.ActiveCfg = Release|Any CPU
		{C9248753-AD1E-4B7D-85EC-FFF098CFF15D}.Release|Any CPU.Build.0 = Release|Any CPU
		{0CB19192-31F3-43AA-BED0-D3C41215B5B1}.Debug|Any CPU.ActiveCfg = Debug|Any CPU
		{0CB19192-31F3-43AA-BED0-D3C41215B5B1}.Debug|Any CPU.Build.0 = Debug|Any CPU
		{0CB19192-31F3-43AA-BED0-D3C41215B5B1}.Release|Any CPU.ActiveCfg = Release|Any CPU
		{0CB19192-31F3-43AA-BED0-D3C41215B5B1}.Release|Any CPU.Build.0 = Release|Any CPU
		{63500E45-E474-4F82-8203-7241D84D498F}.Debug|Any CPU.ActiveCfg = Debug|Any CPU
		{63500E45-E474-4F82-8203-7241D84D498F}.Debug|Any CPU.Build.0 = Debug|Any CPU
		{63500E45-E474-4F82-8203-7241D84D498F}.Release|Any CPU.ActiveCfg = Release|Any CPU
		{63500E45-E474-4F82-8203-7241D84D498F}.Release|Any CPU.Build.0 = Release|Any CPU
		{4BCE3971-A51E-4E45-A582-4B7F3A25DB3F}.Debug|Any CPU.ActiveCfg = Debug|Any CPU
		{4BCE3971-A51E-4E45-A582-4B7F3A25DB3F}.Debug|Any CPU.Build.0 = Debug|Any CPU
		{4BCE3971-A51E-4E45-A582-4B7F3A25DB3F}.Release|Any CPU.ActiveCfg = Release|Any CPU
		{4BCE3971-A51E-4E45-A582-4B7F3A25DB3F}.Release|Any CPU.Build.0 = Release|Any CPU
		{7F77942E-862F-4C50-909D-9C78770D51C1}.Debug|Any CPU.ActiveCfg = Debug|Any CPU
		{7F77942E-862F-4C50-909D-9C78770D51C1}.Debug|Any CPU.Build.0 = Debug|Any CPU
		{7F77942E-862F-4C50-909D-9C78770D51C1}.Release|Any CPU.ActiveCfg = Release|Any CPU
		{7F77942E-862F-4C50-909D-9C78770D51C1}.Release|Any CPU.Build.0 = Release|Any CPU
		{3D9BC54A-A4D2-4336-87D2-5EB94DF25807}.Debug|Any CPU.ActiveCfg = Debug|Any CPU
		{3D9BC54A-A4D2-4336-87D2-5EB94DF25807}.Debug|Any CPU.Build.0 = Debug|Any CPU
		{3D9BC54A-A4D2-4336-87D2-5EB94DF25807}.Release|Any CPU.ActiveCfg = Release|Any CPU
		{3D9BC54A-A4D2-4336-87D2-5EB94DF25807}.Release|Any CPU.Build.0 = Release|Any CPU
		{83A850D6-E0FC-4ED0-A07B-7DD9F421352B}.Debug|Any CPU.ActiveCfg = Debug|Any CPU
		{83A850D6-E0FC-4ED0-A07B-7DD9F421352B}.Debug|Any CPU.Build.0 = Debug|Any CPU
		{83A850D6-E0FC-4ED0-A07B-7DD9F421352B}.Release|Any CPU.ActiveCfg = Release|Any CPU
		{83A850D6-E0FC-4ED0-A07B-7DD9F421352B}.Release|Any CPU.Build.0 = Release|Any CPU
		{9AFA1F41-599A-47E0-94FF-CDE7A3C65D20}.Debug|Any CPU.ActiveCfg = Debug|Any CPU
		{9AFA1F41-599A-47E0-94FF-CDE7A3C65D20}.Debug|Any CPU.Build.0 = Debug|Any CPU
		{9AFA1F41-599A-47E0-94FF-CDE7A3C65D20}.Release|Any CPU.ActiveCfg = Release|Any CPU
		{9AFA1F41-599A-47E0-94FF-CDE7A3C65D20}.Release|Any CPU.Build.0 = Release|Any CPU
		{C8219E9C-D8D7-4BAB-9CED-74E3EE680B05}.Debug|Any CPU.ActiveCfg = Debug|Any CPU
		{C8219E9C-D8D7-4BAB-9CED-74E3EE680B05}.Debug|Any CPU.Build.0 = Debug|Any CPU
		{C8219E9C-D8D7-4BAB-9CED-74E3EE680B05}.Release|Any CPU.ActiveCfg = Release|Any CPU
		{C8219E9C-D8D7-4BAB-9CED-74E3EE680B05}.Release|Any CPU.Build.0 = Release|Any CPU
		{E67238C6-CC52-4441-9F3D-96DF39316958}.Debug|Any CPU.ActiveCfg = Debug|Any CPU
		{E67238C6-CC52-4441-9F3D-96DF39316958}.Debug|Any CPU.Build.0 = Debug|Any CPU
		{E67238C6-CC52-4441-9F3D-96DF39316958}.Release|Any CPU.ActiveCfg = Release|Any CPU
		{E67238C6-CC52-4441-9F3D-96DF39316958}.Release|Any CPU.Build.0 = Release|Any CPU
	EndGlobalSection
	GlobalSection(SolutionProperties) = preSolution
		HideSolutionNode = FALSE
	EndGlobalSection
	GlobalSection(ExtensibilityGlobals) = postSolution
		SolutionGuid = {06E300E0-71C3-4B00-8BC3-586FD486EAF3}
	EndGlobalSection
EndGlobal
