
Microsoft Visual Studio Solution File, Format Version 12.00
# Visual Studio Version 17
VisualStudioVersion = 17.3.32714.290
MinimumVisualStudioVersion = 10.0.40219.1
Project("{9A19103F-16F7-4668-BE54-9A1E7A4F7556}") = "704_Binary_Search", "704_Binary_Search\704_Binary_Search.csproj", "{2D643773-941C-49F0-8E1D-984ABD4F6518}"
EndProject
Project("{9A19103F-16F7-4668-BE54-9A1E7A4F7556}") = "704_Binary_Search.Test", "704_Binary_Search.Test\704_Binary_Search.Test.csproj", "{D89DEE63-CD33-435F-9F8C-21496E11B2D6}"
EndProject
Project("{9A19103F-16F7-4668-BE54-9A1E7A4F7556}") = "278_First_Bad_Version", "278_First_Bad_Version\278_First_Bad_Version.csproj", "{472AC369-192D-4891-9DCE-5D6992CE02F8}"
EndProject
Project("{9A19103F-16F7-4668-BE54-9A1E7A4F7556}") = "278_First_Bad_Version.Test", "278_First_Bad_Version.Test\278_First_Bad_Version.Test.csproj", "{B736D300-64B5-4959-AFE6-B41169D156CD}"
EndProject
Project("{9A19103F-16F7-4668-BE54-9A1E7A4F7556}") = "35_Search_Insert_Position", "35_Search_Insert_Position\35_Search_Insert_Position.csproj", "{C2A00659-4860-4AC3-931C-25B025B17C92}"
EndProject
Project("{9A19103F-16F7-4668-BE54-9A1E7A4F7556}") = "35_Search_Insert_Position.Test", "35_Search_Insert_Position.Test\35_Search_Insert_Position.Test.csproj", "{14538B32-59DC-4454-8582-B6A776B9847D}"
EndProject
Project("{9A19103F-16F7-4668-BE54-9A1E7A4F7556}") = "977_Squares", "977_Squares\977_Squares.csproj", "{4EF4270D-9216-4638-8BCD-52D64F6D99A8}"
EndProject
Project("{9A19103F-16F7-4668-BE54-9A1E7A4F7556}") = "977_Squares.Test", "977_Squares.Test\977_Squares.Test.csproj", "{58644F3C-E714-49B1-A4AF-F0AB8958276B}"
EndProject
Project("{9A19103F-16F7-4668-BE54-9A1E7A4F7556}") = "189_Rotate_Array", "189_Rotate_Array\189_Rotate_Array.csproj", "{5D5BDF56-C2D6-40BB-8F7C-14649B5F25A8}"
EndProject
Project("{9A19103F-16F7-4668-BE54-9A1E7A4F7556}") = "189_Rotate_Array.Test", "189_Rotate_Array.Test\189_Rotate_Array.Test.csproj", "{177D835B-8C17-46AB-9A1D-0ACF0E11D313}"
EndProject
Project("{FAE04EC0-301F-11D3-BF4B-00C04F79EFBC}") = "283_Move_Zeroes", "283_Move_Zeroes\283_Move_Zeroes.csproj", "{31F018CC-2CF0-47CC-874F-EDEFF26EF57E}"
EndProject
Project("{FAE04EC0-301F-11D3-BF4B-00C04F79EFBC}") = "283_Move_Zeroes.Test", "283_Move_Zeroes.Test\283_Move_Zeroes.Test.csproj", "{313A47DF-1F0F-4F88-84FA-12FFFA4EC214}"
EndProject
Project("{FAE04EC0-301F-11D3-BF4B-00C04F79EFBC}") = "167_Two_Sum_2", "167_Two_Sum_2\167_Two_Sum_2.csproj", "{D03436E2-C172-4BC2-8BF4-69EFCC8AD269}"
EndProject
Project("{FAE04EC0-301F-11D3-BF4B-00C04F79EFBC}") = "167_Two_Sum_2.Test", "167_Two_Sum_2.Test\167_Two_Sum_2.Test.csproj", "{C150A564-4ED9-4272-B2EC-B558F99846D8}"
EndProject
Project("{FAE04EC0-301F-11D3-BF4B-00C04F79EFBC}") = "344_Reverse_String", "344_Reverse_String\344_Reverse_String.csproj", "{37F339EA-37B8-4B3D-980A-B6E8554A214E}"
EndProject
Project("{FAE04EC0-301F-11D3-BF4B-00C04F79EFBC}") = "344_Reverse_String.Test", "344_Reverse_String.Test\344_Reverse_String.Test.csproj", "{282E912B-6736-4F6E-B24B-F60C7932E19D}"
EndProject
Global
	GlobalSection(SolutionConfigurationPlatforms) = preSolution
		Debug|Any CPU = Debug|Any CPU
		Release|Any CPU = Release|Any CPU
	EndGlobalSection
	GlobalSection(ProjectConfigurationPlatforms) = postSolution
		{2D643773-941C-49F0-8E1D-984ABD4F6518}.Debug|Any CPU.ActiveCfg = Debug|Any CPU
		{2D643773-941C-49F0-8E1D-984ABD4F6518}.Debug|Any CPU.Build.0 = Debug|Any CPU
		{2D643773-941C-49F0-8E1D-984ABD4F6518}.Release|Any CPU.ActiveCfg = Release|Any CPU
		{2D643773-941C-49F0-8E1D-984ABD4F6518}.Release|Any CPU.Build.0 = Release|Any CPU
		{D89DEE63-CD33-435F-9F8C-21496E11B2D6}.Debug|Any CPU.ActiveCfg = Debug|Any CPU
		{D89DEE63-CD33-435F-9F8C-21496E11B2D6}.Debug|Any CPU.Build.0 = Debug|Any CPU
		{D89DEE63-CD33-435F-9F8C-21496E11B2D6}.Release|Any CPU.ActiveCfg = Release|Any CPU
		{D89DEE63-CD33-435F-9F8C-21496E11B2D6}.Release|Any CPU.Build.0 = Release|Any CPU
		{472AC369-192D-4891-9DCE-5D6992CE02F8}.Debug|Any CPU.ActiveCfg = Debug|Any CPU
		{472AC369-192D-4891-9DCE-5D6992CE02F8}.Debug|Any CPU.Build.0 = Debug|Any CPU
		{472AC369-192D-4891-9DCE-5D6992CE02F8}.Release|Any CPU.ActiveCfg = Release|Any CPU
		{472AC369-192D-4891-9DCE-5D6992CE02F8}.Release|Any CPU.Build.0 = Release|Any CPU
		{B736D300-64B5-4959-AFE6-B41169D156CD}.Debug|Any CPU.ActiveCfg = Debug|Any CPU
		{B736D300-64B5-4959-AFE6-B41169D156CD}.Debug|Any CPU.Build.0 = Debug|Any CPU
		{B736D300-64B5-4959-AFE6-B41169D156CD}.Release|Any CPU.ActiveCfg = Release|Any CPU
		{B736D300-64B5-4959-AFE6-B41169D156CD}.Release|Any CPU.Build.0 = Release|Any CPU
		{C2A00659-4860-4AC3-931C-25B025B17C92}.Debug|Any CPU.ActiveCfg = Debug|Any CPU
		{C2A00659-4860-4AC3-931C-25B025B17C92}.Debug|Any CPU.Build.0 = Debug|Any CPU
		{C2A00659-4860-4AC3-931C-25B025B17C92}.Release|Any CPU.ActiveCfg = Release|Any CPU
		{C2A00659-4860-4AC3-931C-25B025B17C92}.Release|Any CPU.Build.0 = Release|Any CPU
		{14538B32-59DC-4454-8582-B6A776B9847D}.Debug|Any CPU.ActiveCfg = Debug|Any CPU
		{14538B32-59DC-4454-8582-B6A776B9847D}.Debug|Any CPU.Build.0 = Debug|Any CPU
		{14538B32-59DC-4454-8582-B6A776B9847D}.Release|Any CPU.ActiveCfg = Release|Any CPU
		{14538B32-59DC-4454-8582-B6A776B9847D}.Release|Any CPU.Build.0 = Release|Any CPU
		{4EF4270D-9216-4638-8BCD-52D64F6D99A8}.Debug|Any CPU.ActiveCfg = Debug|Any CPU
		{4EF4270D-9216-4638-8BCD-52D64F6D99A8}.Debug|Any CPU.Build.0 = Debug|Any CPU
		{4EF4270D-9216-4638-8BCD-52D64F6D99A8}.Release|Any CPU.ActiveCfg = Release|Any CPU
		{4EF4270D-9216-4638-8BCD-52D64F6D99A8}.Release|Any CPU.Build.0 = Release|Any CPU
		{58644F3C-E714-49B1-A4AF-F0AB8958276B}.Debug|Any CPU.ActiveCfg = Debug|Any CPU
		{58644F3C-E714-49B1-A4AF-F0AB8958276B}.Debug|Any CPU.Build.0 = Debug|Any CPU
		{58644F3C-E714-49B1-A4AF-F0AB8958276B}.Release|Any CPU.ActiveCfg = Release|Any CPU
		{58644F3C-E714-49B1-A4AF-F0AB8958276B}.Release|Any CPU.Build.0 = Release|Any CPU
		{5D5BDF56-C2D6-40BB-8F7C-14649B5F25A8}.Debug|Any CPU.ActiveCfg = Debug|Any CPU
		{5D5BDF56-C2D6-40BB-8F7C-14649B5F25A8}.Debug|Any CPU.Build.0 = Debug|Any CPU
		{5D5BDF56-C2D6-40BB-8F7C-14649B5F25A8}.Release|Any CPU.ActiveCfg = Release|Any CPU
		{5D5BDF56-C2D6-40BB-8F7C-14649B5F25A8}.Release|Any CPU.Build.0 = Release|Any CPU
		{177D835B-8C17-46AB-9A1D-0ACF0E11D313}.Debug|Any CPU.ActiveCfg = Debug|Any CPU
		{177D835B-8C17-46AB-9A1D-0ACF0E11D313}.Debug|Any CPU.Build.0 = Debug|Any CPU
		{177D835B-8C17-46AB-9A1D-0ACF0E11D313}.Release|Any CPU.ActiveCfg = Release|Any CPU
		{177D835B-8C17-46AB-9A1D-0ACF0E11D313}.Release|Any CPU.Build.0 = Release|Any CPU
		{31F018CC-2CF0-47CC-874F-EDEFF26EF57E}.Debug|Any CPU.ActiveCfg = Debug|Any CPU
		{31F018CC-2CF0-47CC-874F-EDEFF26EF57E}.Debug|Any CPU.Build.0 = Debug|Any CPU
		{31F018CC-2CF0-47CC-874F-EDEFF26EF57E}.Release|Any CPU.ActiveCfg = Release|Any CPU
		{31F018CC-2CF0-47CC-874F-EDEFF26EF57E}.Release|Any CPU.Build.0 = Release|Any CPU
		{313A47DF-1F0F-4F88-84FA-12FFFA4EC214}.Debug|Any CPU.ActiveCfg = Debug|Any CPU
		{313A47DF-1F0F-4F88-84FA-12FFFA4EC214}.Debug|Any CPU.Build.0 = Debug|Any CPU
		{313A47DF-1F0F-4F88-84FA-12FFFA4EC214}.Release|Any CPU.ActiveCfg = Release|Any CPU
		{313A47DF-1F0F-4F88-84FA-12FFFA4EC214}.Release|Any CPU.Build.0 = Release|Any CPU
		{D03436E2-C172-4BC2-8BF4-69EFCC8AD269}.Debug|Any CPU.ActiveCfg = Debug|Any CPU
		{D03436E2-C172-4BC2-8BF4-69EFCC8AD269}.Debug|Any CPU.Build.0 = Debug|Any CPU
		{D03436E2-C172-4BC2-8BF4-69EFCC8AD269}.Release|Any CPU.ActiveCfg = Release|Any CPU
		{D03436E2-C172-4BC2-8BF4-69EFCC8AD269}.Release|Any CPU.Build.0 = Release|Any CPU
		{C150A564-4ED9-4272-B2EC-B558F99846D8}.Debug|Any CPU.ActiveCfg = Debug|Any CPU
		{C150A564-4ED9-4272-B2EC-B558F99846D8}.Debug|Any CPU.Build.0 = Debug|Any CPU
		{C150A564-4ED9-4272-B2EC-B558F99846D8}.Release|Any CPU.ActiveCfg = Release|Any CPU
		{C150A564-4ED9-4272-B2EC-B558F99846D8}.Release|Any CPU.Build.0 = Release|Any CPU
		{37F339EA-37B8-4B3D-980A-B6E8554A214E}.Debug|Any CPU.ActiveCfg = Debug|Any CPU
		{37F339EA-37B8-4B3D-980A-B6E8554A214E}.Debug|Any CPU.Build.0 = Debug|Any CPU
		{37F339EA-37B8-4B3D-980A-B6E8554A214E}.Release|Any CPU.ActiveCfg = Release|Any CPU
		{37F339EA-37B8-4B3D-980A-B6E8554A214E}.Release|Any CPU.Build.0 = Release|Any CPU
		{282E912B-6736-4F6E-B24B-F60C7932E19D}.Debug|Any CPU.ActiveCfg = Debug|Any CPU
		{282E912B-6736-4F6E-B24B-F60C7932E19D}.Debug|Any CPU.Build.0 = Debug|Any CPU
		{282E912B-6736-4F6E-B24B-F60C7932E19D}.Release|Any CPU.ActiveCfg = Release|Any CPU
		{282E912B-6736-4F6E-B24B-F60C7932E19D}.Release|Any CPU.Build.0 = Release|Any CPU
	EndGlobalSection
	GlobalSection(SolutionProperties) = preSolution
		HideSolutionNode = FALSE
	EndGlobalSection
	GlobalSection(ExtensibilityGlobals) = postSolution
		SolutionGuid = {06E300E0-71C3-4B00-8BC3-586FD486EAF3}
	EndGlobalSection
EndGlobal
